
Microsoft Visual Studio Solution File, Format Version 12.00
# Visual Studio Version 16
VisualStudioVersion = 16.0.29613.14
MinimumVisualStudioVersion = 10.0.40219.1
Project("{FAE04EC0-301F-11D3-BF4B-00C04F79EFBC}") = "CodeForums", "CodeForums\CodeForums.csproj", "{71AADABE-26AF-4EDD-B7DD-A9EBE8C621A7}"
EndProject
Project("{FAE04EC0-301F-11D3-BF4B-00C04F79EFBC}") = "CodeForums.Data", "CodeForums.Data\CodeForums.Data.csproj", "{4E4B98FF-6DB2-444E-95C2-11CA7729600A}"
EndProject
Global
	GlobalSection(SolutionConfigurationPlatforms) = preSolution
		Debug|Any CPU = Debug|Any CPU
		Release|Any CPU = Release|Any CPU
	EndGlobalSection
	GlobalSection(ProjectConfigurationPlatforms) = postSolution
		{71AADABE-26AF-4EDD-B7DD-A9EBE8C621A7}.Debug|Any CPU.ActiveCfg = Debug|Any CPU
		{71AADABE-26AF-4EDD-B7DD-A9EBE8C621A7}.Debug|Any CPU.Build.0 = Debug|Any CPU
		{71AADABE-26AF-4EDD-B7DD-A9EBE8C621A7}.Release|Any CPU.ActiveCfg = Release|Any CPU
		{71AADABE-26AF-4EDD-B7DD-A9EBE8C621A7}.Release|Any CPU.Build.0 = Release|Any CPU
		{4E4B98FF-6DB2-444E-95C2-11CA7729600A}.Debug|Any CPU.ActiveCfg = Debug|Any CPU
		{4E4B98FF-6DB2-444E-95C2-11CA7729600A}.Debug|Any CPU.Build.0 = Debug|Any CPU
		{4E4B98FF-6DB2-444E-95C2-11CA7729600A}.Release|Any CPU.ActiveCfg = Release|Any CPU
		{4E4B98FF-6DB2-444E-95C2-11CA7729600A}.Release|Any CPU.Build.0 = Release|Any CPU
	EndGlobalSection
	GlobalSection(SolutionProperties) = preSolution
		HideSolutionNode = FALSE
	EndGlobalSection
	GlobalSection(ExtensibilityGlobals) = postSolution
		SolutionGuid = {57CB299E-6D85-4F9E-8B9B-43DF66845EE7}
	EndGlobalSection
EndGlobal
