
Microsoft Visual Studio Solution File, Format Version 12.00
# Visual Studio Version 16
VisualStudioVersion = 16.0.29613.14
MinimumVisualStudioVersion = 10.0.40219.1
Project("{9A19103F-16F7-4668-BE54-9A1E7A4F7556}") = "CodeForums", "CodeForums\CodeForums.csproj", "{B586FAFE-A5EE-43C3-A9A0-4FDED519AAA0}"
EndProject
Project("{FAE04EC0-301F-11D3-BF4B-00C04F79EFBC}") = "CodeForums.Service", "CodeForums.Service\CodeForums.Service.csproj", "{5AACEA66-FB37-4501-86C8-3EFEA9D21437}"
EndProject
Project("{FAE04EC0-301F-11D3-BF4B-00C04F79EFBC}") = "CodeForums.Data", "CodeForums.Data\CodeForums.Data.csproj", "{F696D9DE-7D55-414C-B53C-EBBEDDE92046}"
EndProject
Global
	GlobalSection(SolutionConfigurationPlatforms) = preSolution
		Debug|Any CPU = Debug|Any CPU
		Release|Any CPU = Release|Any CPU
	EndGlobalSection
	GlobalSection(ProjectConfigurationPlatforms) = postSolution
		{B586FAFE-A5EE-43C3-A9A0-4FDED519AAA0}.Debug|Any CPU.ActiveCfg = Debug|Any CPU
		{B586FAFE-A5EE-43C3-A9A0-4FDED519AAA0}.Debug|Any CPU.Build.0 = Debug|Any CPU
		{B586FAFE-A5EE-43C3-A9A0-4FDED519AAA0}.Release|Any CPU.ActiveCfg = Release|Any CPU
		{B586FAFE-A5EE-43C3-A9A0-4FDED519AAA0}.Release|Any CPU.Build.0 = Release|Any CPU
		{5AACEA66-FB37-4501-86C8-3EFEA9D21437}.Debug|Any CPU.ActiveCfg = Debug|Any CPU
		{5AACEA66-FB37-4501-86C8-3EFEA9D21437}.Debug|Any CPU.Build.0 = Debug|Any CPU
		{5AACEA66-FB37-4501-86C8-3EFEA9D21437}.Release|Any CPU.ActiveCfg = Release|Any CPU
		{5AACEA66-FB37-4501-86C8-3EFEA9D21437}.Release|Any CPU.Build.0 = Release|Any CPU
		{F696D9DE-7D55-414C-B53C-EBBEDDE92046}.Debug|Any CPU.ActiveCfg = Debug|Any CPU
		{F696D9DE-7D55-414C-B53C-EBBEDDE92046}.Debug|Any CPU.Build.0 = Debug|Any CPU
		{F696D9DE-7D55-414C-B53C-EBBEDDE92046}.Release|Any CPU.ActiveCfg = Release|Any CPU
		{F696D9DE-7D55-414C-B53C-EBBEDDE92046}.Release|Any CPU.Build.0 = Release|Any CPU
	EndGlobalSection
	GlobalSection(SolutionProperties) = preSolution
		HideSolutionNode = FALSE
	EndGlobalSection
	GlobalSection(ExtensibilityGlobals) = postSolution
		SolutionGuid = {57CB299E-6D85-4F9E-8B9B-43DF66845EE7}
	EndGlobalSection
EndGlobal
